<Solution>
  <Folder Name="/src/">
    <Project Path="src/AdsbObserver.App/AdsbObserver.App.csproj" />
    <Project Path="src/AdsbObserver.Core/AdsbObserver.Core.csproj" />
    <Project Path="src/AdsbObserver.Infrastructure/AdsbObserver.Infrastructure.csproj" />
  </Folder>
  <Folder Name="/tests/">
    <Project Path="tests/AdsbObserver.Tests/AdsbObserver.Tests.csproj" />
  </Folder>
</Solution>
